
Microsoft Visual Studio Solution File, Format Version 12.00
# Visual Studio 2013
VisualStudioVersion = 12.0.21005.1
MinimumVisualStudioVersion = 10.0.40219.1
Project("{FAE04EC0-301F-11D3-BF4B-00C04F79EFBC}") = "EmguCv.Client", "EmguCv.Client\EmguCv.Client.csproj", "{94E9BC23-FF02-4101-86DC-AB0E856B0EE5}"
EndProject
Project("{FAE04EC0-301F-11D3-BF4B-00C04F79EFBC}") = "EmguCv.Contour.Entry", "EmguCv.Contour.Entry\EmguCv.Contour.Entry.csproj", "{CF805C37-81E0-4B96-B630-BCFE29DD4213}"
EndProject
Project("{2150E333-8FDC-42A3-9474-1A3956D46DE8}") = "Dlls", "Dlls", "{C162EB84-C3A4-4DAB-8BE0-C11961011310}"
EndProject
Project("{2150E333-8FDC-42A3-9474-1A3956D46DE8}") = "EmguCv", "EmguCv", "{121B80D3-BC14-4FF7-BE82-9AB47AB781FA}"
	ProjectSection(SolutionItems) = preProject
		Dlls\EmguCv\Emgu.CV.dll = Dlls\EmguCv\Emgu.CV.dll
		Dlls\EmguCv\Emgu.CV.ML.dll = Dlls\EmguCv\Emgu.CV.ML.dll
		Dlls\EmguCv\Emgu.CV.OCR.dll = Dlls\EmguCv\Emgu.CV.OCR.dll
		Dlls\EmguCv\Emgu.CV.UI.dll = Dlls\EmguCv\Emgu.CV.UI.dll
		Dlls\EmguCv\Emgu.Util.dll = Dlls\EmguCv\Emgu.Util.dll
		Dlls\EmguCv\README.md = Dlls\EmguCv\README.md
		Dlls\EmguCv\ZedGraph.dll = Dlls\EmguCv\ZedGraph.dll
	EndProjectSection
EndProject
Global
	GlobalSection(SolutionConfigurationPlatforms) = preSolution
		Debug|Any CPU = Debug|Any CPU
		Release|Any CPU = Release|Any CPU
	EndGlobalSection
	GlobalSection(ProjectConfigurationPlatforms) = postSolution
		{94E9BC23-FF02-4101-86DC-AB0E856B0EE5}.Debug|Any CPU.ActiveCfg = Debug|Any CPU
		{94E9BC23-FF02-4101-86DC-AB0E856B0EE5}.Debug|Any CPU.Build.0 = Debug|Any CPU
		{94E9BC23-FF02-4101-86DC-AB0E856B0EE5}.Release|Any CPU.ActiveCfg = Release|Any CPU
		{94E9BC23-FF02-4101-86DC-AB0E856B0EE5}.Release|Any CPU.Build.0 = Release|Any CPU
		{CF805C37-81E0-4B96-B630-BCFE29DD4213}.Debug|Any CPU.ActiveCfg = Debug|Any CPU
		{CF805C37-81E0-4B96-B630-BCFE29DD4213}.Debug|Any CPU.Build.0 = Debug|Any CPU
		{CF805C37-81E0-4B96-B630-BCFE29DD4213}.Release|Any CPU.ActiveCfg = Release|Any CPU
		{CF805C37-81E0-4B96-B630-BCFE29DD4213}.Release|Any CPU.Build.0 = Release|Any CPU
	EndGlobalSection
	GlobalSection(SolutionProperties) = preSolution
		HideSolutionNode = FALSE
	EndGlobalSection
	GlobalSection(NestedProjects) = preSolution
		{121B80D3-BC14-4FF7-BE82-9AB47AB781FA} = {C162EB84-C3A4-4DAB-8BE0-C11961011310}
	EndGlobalSection
EndGlobal
